
Microsoft Visual Studio Solution File, Format Version 12.00
# Visual Studio Version 17
VisualStudioVersion = 17.10.35013.160
MinimumVisualStudioVersion = 10.0.40219.1
Project("{FAE04EC0-301F-11D3-BF4B-00C04F79EFBC}") = "Controller2Action", "Controller2Action\Controller2Action.csproj", "{EECD7D82-3830-49E4-8EA5-AA38EFF7C6ED}"
EndProject
Global
	GlobalSection(SolutionConfigurationPlatforms) = preSolution
		Debug|Any CPU = Debug|Any CPU
		Release|Any CPU = Release|Any CPU
	EndGlobalSection
	GlobalSection(ProjectConfigurationPlatforms) = postSolution
		{EECD7D82-3830-49E4-8EA5-AA38EFF7C6ED}.Debug|Any CPU.ActiveCfg = Debug|Any CPU
		{EECD7D82-3830-49E4-8EA5-AA38EFF7C6ED}.Debug|Any CPU.Build.0 = Debug|Any CPU
		{EECD7D82-3830-49E4-8EA5-AA38EFF7C6ED}.Release|Any CPU.ActiveCfg = Release|Any CPU
		{EECD7D82-3830-49E4-8EA5-AA38EFF7C6ED}.Release|Any CPU.Build.0 = Release|Any CPU
	EndGlobalSection
	GlobalSection(SolutionProperties) = preSolution
		HideSolutionNode = FALSE
	EndGlobalSection
	GlobalSection(ExtensibilityGlobals) = postSolution
		SolutionGuid = {C6D304DF-FC36-4470-A640-CD9FF822195C}
	EndGlobalSection
EndGlobal
